
Microsoft Visual Studio Solution File, Format Version 12.00
# Visual Studio Version 17
VisualStudioVersion = 17.5.33530.505
MinimumVisualStudioVersion = 10.0.40219.1
Project("{9A19103F-16F7-4668-BE54-9A1E7A4F7556}") = "api-steelco", "api-steelco\api-steelco.csproj", "{EFC9E64E-75CA-4E2C-BB9C-7DCB47CD5F48}"
EndProject
Project("{FAE04EC0-301F-11D3-BF4B-00C04F79EFBC}") = "test-api", "api-steelco\test-api\test-api\test-api.csproj", "{3D25EEE2-CD88-4190-9E04-8C7F31BD604A}"
EndProject
Global
	GlobalSection(SolutionConfigurationPlatforms) = preSolution
		Debug|Any CPU = Debug|Any CPU
		Release|Any CPU = Release|Any CPU
	EndGlobalSection
	GlobalSection(ProjectConfigurationPlatforms) = postSolution
		{EFC9E64E-75CA-4E2C-BB9C-7DCB47CD5F48}.Debug|Any CPU.ActiveCfg = Debug|Any CPU
		{EFC9E64E-75CA-4E2C-BB9C-7DCB47CD5F48}.Debug|Any CPU.Build.0 = Debug|Any CPU
		{EFC9E64E-75CA-4E2C-BB9C-7DCB47CD5F48}.Release|Any CPU.ActiveCfg = Release|Any CPU
		{EFC9E64E-75CA-4E2C-BB9C-7DCB47CD5F48}.Release|Any CPU.Build.0 = Release|Any CPU
		{3D25EEE2-CD88-4190-9E04-8C7F31BD604A}.Debug|Any CPU.ActiveCfg = Debug|Any CPU
		{3D25EEE2-CD88-4190-9E04-8C7F31BD604A}.Debug|Any CPU.Build.0 = Debug|Any CPU
		{3D25EEE2-CD88-4190-9E04-8C7F31BD604A}.Release|Any CPU.ActiveCfg = Release|Any CPU
		{3D25EEE2-CD88-4190-9E04-8C7F31BD604A}.Release|Any CPU.Build.0 = Release|Any CPU
	EndGlobalSection
	GlobalSection(SolutionProperties) = preSolution
		HideSolutionNode = FALSE
	EndGlobalSection
	GlobalSection(ExtensibilityGlobals) = postSolution
		SolutionGuid = {98F7ACC3-E690-4BC2-873C-461C231FA6A5}
	EndGlobalSection
EndGlobal
